
Microsoft Visual Studio Solution File, Format Version 12.00
# Visual Studio 2013
VisualStudioVersion = 12.0.21005.1
MinimumVisualStudioVersion = 10.0.40219.1
Project("{FAE04EC0-301F-11D3-BF4B-00C04F79EFBC}") = "Parametr_El-Gamal_homomorph", "Parametr_El-Gamal_homomorph\Parametr_El-Gamal_homomorph.csproj", "{DCD6F7F6-38D4-40B7-8D67-FD092D3BF11A}"
EndProject
Global
	GlobalSection(SolutionConfigurationPlatforms) = preSolution
		Debug|Any CPU = Debug|Any CPU
		Release|Any CPU = Release|Any CPU
	EndGlobalSection
	GlobalSection(ProjectConfigurationPlatforms) = postSolution
		{DCD6F7F6-38D4-40B7-8D67-FD092D3BF11A}.Debug|Any CPU.ActiveCfg = Debug|Any CPU
		{DCD6F7F6-38D4-40B7-8D67-FD092D3BF11A}.Debug|Any CPU.Build.0 = Debug|Any CPU
		{DCD6F7F6-38D4-40B7-8D67-FD092D3BF11A}.Release|Any CPU.ActiveCfg = Release|Any CPU
		{DCD6F7F6-38D4-40B7-8D67-FD092D3BF11A}.Release|Any CPU.Build.0 = Release|Any CPU
	EndGlobalSection
	GlobalSection(SolutionProperties) = preSolution
		HideSolutionNode = FALSE
	EndGlobalSection
EndGlobal
